github.com/AlexSkr96/Taktgeber/algo-engine v0.0.2 h1:BwSJqTvj5CmfgVtldsxGt6Vh2EVN3cdcnzhJVph4wbs=
github.com/AlexSkr96/Taktgeber/algo-engine v0.0.2/go.mod h1:aIXDc03wMcSqJMm9r1vxNIkSwAYrOZuBU6zyiCeCkns=
github.com/go-telegram-bot-api/telegram-bot-api/v5 v5.5.1 h1:wG8n/XJQ07TmjbITcGiUaOtXxdrINDz1b0J1w0SzqDc=
github.com/go-telegram-bot-api/telegram-bot-api/v5 v5.5.1/go.mod h1:A2S0CWkNylc2phvKXWBBdD3K0iGnDBGbzRpISP2zBl8=
